
Microsoft Visual Studio Solution File, Format Version 12.00
# Visual Studio Version 18
VisualStudioVersion = 18.8.12105.206 oobstable
MinimumVisualStudioVersion = 10.0.40219.1
Project("{FAE04EC0-301F-11D3-BF4B-00C04F79EFBC}") = "EasyRent_Checking", "EasyRent_Checking.csproj", "{6B262642-EEBD-4828-9A4C-D30C94E12538}"
EndProject
Project("{2150E333-8FDC-42A3-9474-1A3956D46DE8}") = "Solution Items", "Solution Items", "{92F3183E-324D-434D-853F-BE15B8F8325C}"
	ProjectSection(SolutionItems) = preProject
		class designer.txt = class designer.txt
	EndProjectSection
EndProject
Global
	GlobalSection(SolutionConfigurationPlatforms) = preSolution
		Debug|Any CPU = Debug|Any CPU
		Release|Any CPU = Release|Any CPU
	EndGlobalSection
	GlobalSection(ProjectConfigurationPlatforms) = postSolution
		{6B262642-EEBD-4828-9A4C-D30C94E12538}.Debug|Any CPU.ActiveCfg = Debug|Any CPU
		{6B262642-EEBD-4828-9A4C-D30C94E12538}.Debug|Any CPU.Build.0 = Debug|Any CPU
		{6B262642-EEBD-4828-9A4C-D30C94E12538}.Release|Any CPU.ActiveCfg = Release|Any CPU
		{6B262642-EEBD-4828-9A4C-D30C94E12538}.Release|Any CPU.Build.0 = Release|Any CPU
	EndGlobalSection
	GlobalSection(SolutionProperties) = preSolution
		HideSolutionNode = FALSE
	EndGlobalSection
	GlobalSection(ExtensibilityGlobals) = postSolution
		SolutionGuid = {5E7AAAF8-73BF-43CC-BEE6-F7F41B1AB105}
	EndGlobalSection
EndGlobal
